[[package]]
name = "ana"
version = "0.06"
description = ""
category = "main"
optional = false
python-versions = "*"

[package.dependencies]
future = "*"

[[package]]
name = "angr"
version = "7.7.9.21"
description = "A multi-architecture binary analysis toolkit, with the ability to perform dynamic symbolic execution and various static analyses on binaries"
category = "main"
optional = false
python-versions = "*"

[package.dependencies]
ana = "*"
archinfo = ">=7.7.9.14"
bintrees = "*"
cachetools = "*"
capstone = "*"
cffi = ">=1.7.0"
claripy = ">=7.7.9.14"
cle = ">=7.7.9.21"
cooldict = "*"
dpkt-fix = "*"
futures = "*"
mulpyplexer = "*"
networkx = "1.11"
progressbar = "*"
pygit = "*"
pyvex = ">=7.7.9.14"
rpyc = "*"
unicorn = "*"

[[package]]
name = "archinfo"
version = "7.7.9.14"
description = ""
category = "main"
optional = false
python-versions = "*"

[[package]]
name = "bintrees"
version = "2.0.7"
description = "Package provides Binary-, RedBlack- and AVL-Trees in Python and Cython."
category = "main"
optional = false
python-versions = "*"

[[package]]
name = "bitstring"
version = "3.1.7"
description = "Simple construction, analysis and modification of binary data."
category = "main"
optional = false
python-versions = "*"

[[package]]
name = "cachetools"
version = "3.1.1"
description = "Extensible memoizing collections and decorators"
category = "main"
optional = false
python-versions = "*"

[[package]]
name = "capstone"
version = "4.0.2"
description = "Capstone disassembly engine"
category = "main"
optional = false
python-versions = ">=2.7, !=3.0.*, !=3.1.*, !=3.2.*, !=3.3.*"

[[package]]
name = "cffi"
version = "1.14.5"
description = "Foreign Function Interface for Python calling C code."
category = "main"
optional = false
python-versions = "*"

[package.dependencies]
pycparser = "*"

[[package]]
name = "claripy"
version = "7.8.2.21"
description = "An abstraction layer for constraint solvers"
category = "main"
optional = false
python-versions = "*"

[package.dependencies]
ana = "*"
future = "*"
z3-solver = "*"

[[package]]
name = "cle"
version = "7.7.9.21"
description = "CLE Loads Everything (at least, may binary formats!) and provides a Pythonic interface to analyze what they are and what they would look like in memory."
category = "main"
optional = false
python-versions = "*"

[package.dependencies]
archinfo = ">=7.7.9.14"
cffi = "*"
idalink = "*"
pefile = "*"
pyelftools = ">=0.24"
pyvex = ">=7.7.9.14"

[[package]]
name = "cooldict"
version = "1.04"
description = "Some useful dict-like structures"
category = "main"
optional = false
python-versions = "*"

[package.dependencies]
ana = ">=0.1"

[[package]]
name = "decorator"
version = "4.4.2"
description = "Decorators for Humans"
category = "main"
optional = false
python-versions = ">=2.6, !=3.0.*, !=3.1.*"

[[package]]
name = "dpkt-fix"
version = "1.7"
description = "dumb packet module"
category = "main"
optional = false
python-versions = "*"

[[package]]
name = "enum34"
version = "1.1.10"
description = "Python 3.4 Enum backported to 3.3, 3.2, 3.1, 2.7, 2.6, 2.5, and 2.4"
category = "main"
optional = false
python-versions = "*"

[[package]]
name = "future"
version = "0.18.2"
description = "Clean single-source support for Python 3 and 2"
category = "main"
optional = false
python-versions = ">=2.6, !=3.0.*, !=3.1.*, !=3.2.*"

[[package]]
name = "futures"
version = "3.3.0"
description = "Backport of the concurrent.futures package from Python 3"
category = "main"
optional = false
python-versions = ">=2.6, <3"

[[package]]
name = "idalink"
version = "0.12"
description = "An interface to the insides of IDA!"
category = "main"
optional = false
python-versions = "*"

[package.dependencies]
rpyc = "*"

[[package]]
name = "mpmath"
version = "1.2.1"
description = "Python library for arbitrary-precision floating-point arithmetic"
category = "main"
optional = false
python-versions = "*"

[package.extras]
develop = ["pytest (>=4.6)", "pycodestyle", "pytest-cov", "codecov", "wheel"]
tests = ["pytest (>=4.6)"]

[[package]]
name = "mulpyplexer"
version = "0.09"
description = "A module that multiplexes interactions with lists of python objects."
category = "main"
optional = false
python-versions = "*"

[[package]]
name = "networkx"
version = "1.11"
description = "Python package for creating and manipulating graphs and networks"
category = "main"
optional = false
python-versions = "*"

[package.dependencies]
decorator = ">=3.4.0"

[[package]]
name = "numpy"
version = "1.16.6"
description = "NumPy is the fundamental package for array computing with Python."
category = "main"
optional = false
python-versions = ">=2.7,!=3.0.*,!=3.1.*,!=3.2.*,!=3.3.*"

[[package]]
name = "pefile"
version = "2019.4.18"
description = "Python PE parsing module"
category = "main"
optional = false
python-versions = "*"

[package.dependencies]
future = "*"

[[package]]
name = "plumbum"
version = "1.7.0"
description = "Plumbum: shell combinators library"
category = "main"
optional = false
python-versions = "!=3.0.*,!=3.1.*,!=3.2.*,!=3.3.*,!=3.4,>=2.7"

[package.dependencies]
pypiwin32 = {version = "*", markers = "platform_system == \"Windows\" and platform_python_implementation != \"PyPy\""}

[package.extras]
dev = ["pytest", "pytest-cov", "pytest-mock", "pytest-timeout", "paramiko", "psutil"]
docs = ["recommonmark (>=0.5.0)", "Sphinx (>=3.0.0)", "sphinx-rtd-theme (>=0.5.0)"]
ssh = ["paramiko"]

[[package]]
name = "progressbar"
version = "2.5"
description = "Text progress bar library for Python."
category = "main"
optional = false
python-versions = "*"

[[package]]
name = "pycparser"
version = "2.20"
description = "C parser in Python"
category = "main"
optional = false
python-versions = ">=2.7, !=3.0.*, !=3.1.*, !=3.2.*, !=3.3.*"

[[package]]
name = "pyelftools"
version = "0.27"
description = "Library for analyzing ELF files and DWARF debugging information"
category = "main"
optional = false
python-versions = "*"

[[package]]
name = "pygit"
version = "0.1"
description = "Pythonic bindings for git"
category = "main"
optional = false
python-versions = "*"

[[package]]
name = "pypiwin32"
version = "223"
description = ""
category = "main"
optional = false
python-versions = "*"

[package.dependencies]
pywin32 = ">=223"

[[package]]
name = "pyvex"
version = "7.7.9.14"
description = "A Python interface to libVEX and VEX IR"
category = "main"
optional = false
python-versions = "*"

[package.dependencies]
archinfo = ">=7.7.9.14"
bitstring = "*"
cffi = ">=1.0.3"
pycparser = "*"

[[package]]
name = "pywin32"
version = "300"
description = "Python for Window Extensions"
category = "main"
optional = false
python-versions = "*"

[[package]]
name = "rpyc"
version = "3.3.0"
description = "Remote Python Call (RPyC), a transparent and symmetric RPC library"
category = "main"
optional = false
python-versions = "*"

[package.dependencies]
plumbum = "*"

[[package]]
name = "scikit-learn"
version = "0.20.4"
description = "A set of python modules for machine learning and data mining"
category = "main"
optional = false
python-versions = "*"

[package.dependencies]
numpy = ">=1.8.2"
scipy = ">=0.13.3"

[package.extras]
alldeps = ["numpy (>=1.8.2)", "scipy (>=0.13.3)"]

[[package]]
name = "scipy"
version = "1.2.3"
description = "SciPy: Scientific Library for Python"
category = "main"
optional = false
python-versions = ">=2.7,!=3.0.*,!=3.1.*,!=3.2.*,!=3.3.*"

[package.dependencies]
numpy = ">=1.8.2"

[[package]]
name = "simuvex"
version = "7.7.9.8"
description = "A compatibility layer for simuvex's removal."
category = "main"
optional = false
python-versions = "*"

[package.dependencies]
angr = "*"

[[package]]
name = "sympy"
version = "1.5.1"
description = "Computer algebra system (CAS) in Python"
category = "main"
optional = false
python-versions = ">=2.7, !=3.0.*, !=3.1.*, !=3.2.*, !=3.3.*, !=3.4.*"

[package.dependencies]
mpmath = ">=0.19"

[[package]]
name = "unicorn"
version = "1.0.2"
description = "Unicorn CPU emulator engine"
category = "main"
optional = false
python-versions = "*"

[[package]]
name = "z3-solver"
version = "4.8.10.0"
description = "an efficient SMT solver library"
category = "main"
optional = false
python-versions = "*"

[metadata]
lock-version = "1.1"
python-versions = "^2.7"
content-hash = "99ba9a71ae205102a0390fb1fc8e0de4215fafa686fab6edb3435b5a7539d0b9"

[metadata.files]
ana = [
    {file = "ana-0.06.tar.gz", hash = "sha256:5fa16e511773a0efc6ac9294f93eee583612ffb580859737eed07e703947d6f8"},
]
angr = [
    {file = "angr-7.7.9.21-py2-none-manylinux1_i686.whl", hash = "sha256:a54124630feb183da8019b72e490d855a025b2cd0e541cf115f31eb3db5c6cce"},
    {file = "angr-7.7.9.21-py2-none-manylinux1_x86_64.whl", hash = "sha256:4c614e06cd5eef9f4760215ccd11a44842962bb05a77279428cea4422c5f9c13"},
    {file = "angr-7.7.9.21.tar.gz", hash = "sha256:c61bca545cb3b05bee07e620a461a07c3c07b6614b9795be25c46f04d56c1bd5"},
]
archinfo = [
    {file = "archinfo-7.7.9.14.tar.gz", hash = "sha256:983f988bb9836a49d2776fbf4aea93da96b10277a71767870f7d76769fd42a98"},
]
bintrees = [
    {file = "bintrees-2.0.7-cp27-cp27m-win_amd64.whl", hash = "sha256:730ed144319c82edff3b4d151a70aae7371054e1f3bfed4d44db87ccbebe8c7f"},
    {file = "bintrees-2.0.7-cp35-cp35m-win_amd64.whl", hash = "sha256:3270aa3d541906382d823eb4406bf3b9ad5d2731c12c58f22cb2e12475addb90"},
    {file = "bintrees-2.0.7-cp36-cp36m-win_amd64.whl", hash = "sha256:94e604f709151d0e678e06baa269fc748ae48667678ec23eb2b6704d743aa34f"},
    {file = "bintrees-2.0.7.win-amd64-py2.7.exe", hash = "sha256:4188dcc69397b2513aef1ece1b3ea99e0663c75ed7bee7814f671a462819fd31"},
    {file = "bintrees-2.0.7.win-amd64-py3.5.exe", hash = "sha256:18f552b1e41d0d2ad0d9e384caebc617ea676359901704ae475c922bd85d7fad"},
    {file = "bintrees-2.0.7.win-amd64-py3.6.exe", hash = "sha256:70f1a1621850a614cea3c24bda0d54e63c46dd30243206764e23748a75eedd61"},
    {file = "bintrees-2.0.7.zip", hash = "sha256:60675e6602cef094abcd38bf4aecc067d78ae2d5e1645615c789724542d11270"},
]
bitstring = [
    {file = "bitstring-3.1.7.tar.gz", hash = "sha256:fdf3eb72b229d2864fb507f8f42b1b2c57af7ce5fec035972f9566de440a864a"},
]
cachetools = [
    {file = "cachetools-3.1.1-py2.py3-none-any.whl", hash = "sha256:428266a1c0d36dc5aca63a2d7c5942e88c2c898d72139fca0e97fdd2380517ae"},
    {file = "cachetools-3.1.1.tar.gz", hash = "sha256:8ea2d3ce97850f31e4a08b0e2b5e6c34997d7216a9d2c98e0f3978630d4da69a"},
]
capstone = [
    {file = "capstone-4.0.2-py2.py3-none-manylinux1_i686.whl", hash = "sha256:da442f979414cf27e4621e70e835880878c858ea438c4f0e957e132593579e37"},
    {file = "capstone-4.0.2-py2.py3-none-manylinux1_x86_64.whl", hash = "sha256:9d1a9096c5f875b11290317722ed44bb6e7c52e50cc79d791f142bce968c49aa"},
    {file = "capstone-4.0.2-py2.py3-none-win32.whl", hash = "sha256:c3d9b443d1adb40ee2d9a4e7341169b76476ddcf3a54c03793b16cdc7cd35c5a"},
    {file = "capstone-4.0.2-py2.py3-none-win_amd64.whl", hash = "sha256:0d65ffe8620920976ceadedc769f22318f6f150a592368d8a735612367ac8a1a"},
    {file = "capstone-4.0.2.tar.gz", hash = "sha256:2842913092c9b69fd903744bc1b87488e1451625460baac173056e1808ec1c66"},
]
cffi = [
    {file = "cffi-1.14.5-cp27-cp27m-macosx_10_9_x86_64.whl", hash = "sha256:bb89f306e5da99f4d922728ddcd6f7fcebb3241fc40edebcb7284d7514741991"},
    {file = "cffi-1.14.5-cp27-cp27m-manylinux1_i686.whl", hash = "sha256:34eff4b97f3d982fb93e2831e6750127d1355a923ebaeeb565407b3d2f8d41a1"},
    {file = "cffi-1.14.5-cp27-cp27m-manylinux1_x86_64.whl", hash = "sha256:99cd03ae7988a93dd00bcd9d0b75e1f6c426063d6f03d2f90b89e29b25b82dfa"},
    {file = "cffi-1.14.5-cp27-cp27m-win32.whl", hash = "sha256:65fa59693c62cf06e45ddbb822165394a288edce9e276647f0046e1ec26920f3"},
    {file = "cffi-1.14.5-cp27-cp27m-win_amd64.whl", hash = "sha256:51182f8927c5af975fece87b1b369f722c570fe169f9880764b1ee3bca8347b5"},
    {file = "cffi-1.14.5-cp27-cp27mu-manylinux1_i686.whl", hash = "sha256:43e0b9d9e2c9e5d152946b9c5fe062c151614b262fda2e7b201204de0b99e482"},
    {file = "cffi-1.14.5-cp27-cp27mu-manylinux1_x86_64.whl", hash = "sha256:cbde590d4faaa07c72bf979734738f328d239913ba3e043b1e98fe9a39f8b2b6"},
    {file = "cffi-1.14.5-cp35-cp35m-macosx_10_9_x86_64.whl", hash = "sha256:5de7970188bb46b7bf9858eb6890aad302577a5f6f75091fd7cdd3ef13ef3045"},
    {file = "cffi-1.14.5-cp35-cp35m-manylinux1_i686.whl", hash = "sha256:a465da611f6fa124963b91bf432d960a555563efe4ed1cc403ba5077b15370aa"},
    {file = "cffi-1.14.5-cp35-cp35m-manylinux1_x86_64.whl", hash = "sha256:d42b11d692e11b6634f7613ad8df5d6d5f8875f5d48939520d351007b3c13406"},
    {file = "cffi-1.14.5-cp35-cp35m-win32.whl", hash = "sha256:72d8d3ef52c208ee1c7b2e341f7d71c6fd3157138abf1a95166e6165dd5d4369"},
    {file = "cffi-1.14.5-cp35-cp35m-win_amd64.whl", hash = "sha256:29314480e958fd8aab22e4a58b355b629c59bf5f2ac2492b61e3dc06d8c7a315"},
    {file = "cffi-1.14.5-cp36-cp36m-macosx_10_9_x86_64.whl", hash = "sha256:3d3dd4c9e559eb172ecf00a2a7517e97d1e96de2a5e610bd9b68cea3925b4892"},
    {file = "cffi-1.14.5-cp36-cp36m-manylinux1_i686.whl", hash = "sha256:48e1c69bbacfc3d932221851b39d49e81567a4d4aac3b21258d9c24578280058"},
    {file = "cffi-1.14.5-cp36-cp36m-manylinux1_x86_64.whl", hash = "sha256:69e395c24fc60aad6bb4fa7e583698ea6cc684648e1ffb7fe85e3c1ca131a7d5"},
    {file = "cffi-1.14.5-cp36-cp36m-manylinux2014_aarch64.whl", hash = "sha256:9e93e79c2551ff263400e1e4be085a1210e12073a31c2011dbbda14bda0c6132"},
    {file = "cffi-1.14.5-cp36-cp36m-win32.whl", hash = "sha256:58e3f59d583d413809d60779492342801d6e82fefb89c86a38e040c16883be53"},
    {file = "cffi-1.14.5-cp36-cp36m-win_amd64.whl", hash = "sha256:005a36f41773e148deac64b08f233873a4d0c18b053d37da83f6af4d9087b813"},
    {file = "cffi-1.14.5-cp37-cp37m-macosx_10_9_x86_64.whl", hash = "sha256:2894f2df484ff56d717bead0a5c2abb6b9d2bf26d6960c4604d5c48bbc30ee73"},
    {file = "cffi-1.14.5-cp37-cp37m-manylinux1_i686.whl", hash = "sha256:0857f0ae312d855239a55c81ef453ee8fd24136eaba8e87a2eceba644c0d4c06"},
    {file = "cffi-1.14.5-cp37-cp37m-manylinux1_x86_64.whl", hash = "sha256:cd2868886d547469123fadc46eac7ea5253ea7fcb139f12e1dfc2bbd406427d1"},
    {file = "cffi-1.14.5-cp37-cp37m-manylinux2014_aarch64.whl", hash = "sha256:35f27e6eb43380fa080dccf676dece30bef72e4a67617ffda586641cd4508d49"},
    {file = "cffi-1.14.5-cp37-cp37m-win32.whl", hash = "sha256:9ff227395193126d82e60319a673a037d5de84633f11279e336f9c0f189ecc62"},
    {file = "cffi-1.14.5-cp37-cp37m-win_amd64.whl", hash = "sha256:9cf8022fb8d07a97c178b02327b284521c7708d7c71a9c9c355c178ac4bbd3d4"},
    {file = "cffi-1.14.5-cp38-cp38-macosx_10_9_x86_64.whl", hash = "sha256:8b198cec6c72df5289c05b05b8b0969819783f9418e0409865dac47288d2a053"},
    {file = "cffi-1.14.5-cp38-cp38-manylinux1_i686.whl", hash = "sha256:ad17025d226ee5beec591b52800c11680fca3df50b8b29fe51d882576e039ee0"},
    {file = "cffi-1.14.5-cp38-cp38-manylinux1_x86_64.whl", hash = "sha256:6c97d7350133666fbb5cf4abdc1178c812cb205dc6f41d174a7b0f18fb93337e"},
    {file = "cffi-1.14.5-cp38-cp38-manylinux2014_aarch64.whl", hash = "sha256:8ae6299f6c68de06f136f1f9e69458eae58f1dacf10af5c17353eae03aa0d827"},
    {file = "cffi-1.14.5-cp38-cp38-win32.whl", hash = "sha256:b85eb46a81787c50650f2392b9b4ef23e1f126313b9e0e9013b35c15e4288e2e"},
    {file = "cffi-1.14.5-cp38-cp38-win_amd64.whl", hash = "sha256:1f436816fc868b098b0d63b8920de7d208c90a67212546d02f84fe78a9c26396"},
    {file = "cffi-1.14.5-cp39-cp39-macosx_10_9_x86_64.whl", hash = "sha256:1071534bbbf8cbb31b498d5d9db0f274f2f7a865adca4ae429e147ba40f73dea"},
    {file = "cffi-1.14.5-cp39-cp39-manylinux1_i686.whl", hash = "sha256:9de2e279153a443c656f2defd67769e6d1e4163952b3c622dcea5b08a6405322"},
    {file = "cffi-1.14.5-cp39-cp39-manylinux1_x86_64.whl", hash = "sha256:6e4714cc64f474e4d6e37cfff31a814b509a35cb17de4fb1999907575684479c"},
    {file = "cffi-1.14.5-cp39-cp39-manylinux2014_aarch64.whl", hash = "sha256:158d0d15119b4b7ff6b926536763dc0714313aa59e320ddf787502c70c4d4bee"},
    {file = "cffi-1.14.5-cp39-cp39-win32.whl", hash = "sha256:afb29c1ba2e5a3736f1c301d9d0abe3ec8b86957d04ddfa9d7a6a42b9367e396"},
    {file = "cffi-1.14.5-cp39-cp39-win_amd64.whl", hash = "sha256:f2d45f97ab6bb54753eab54fffe75aaf3de4ff2341c9daee1987ee1837636f1d"},
    {file = "cffi-1.14.5.tar.gz", hash = "sha256:fd78e5fee591709f32ef6edb9a015b4aa1a5022598e36227500c8f4e02328d9c"},
]
claripy = [
    {file = "claripy-7.8.2.21.tar.gz", hash = "sha256:781c9e3d430e546e00d5b8442c04852faf7ab7c14662ce66296499f0156eb036"},
]
cle = [
    {file = "cle-7.7.9.21.tar.gz", hash = "sha256:a18ea53c3dc99ff0973fe7e522e4cdfefa9789e92d1678ac8aa62d7fc8b72466"},
]
cooldict = [
    {file = "cooldict-1.04.tar.gz", hash = "sha256:c43c9e0b4ad4e21ec8efae9f10e640c3785ac1a69ed32db9ba7f92cf52a91159"},
]
decorator = [
    {file = "decorator-4.4.2-py2.py3-none-any.whl", hash = "sha256:41fa54c2a0cc4ba648be4fd43cff00aedf5b9465c9bf18d64325bc225f08f760"},
    {file = "decorator-4.4.2.tar.gz", hash = "sha256:e3a62f0520172440ca0dcc823749319382e377f37f140a0b99ef45fecb84bfe7"},
]
dpkt-fix = [
    {file = "dpkt-fix-1.7.tar.gz", hash = "sha256:5e66b4bc4ee8698e592a9f1cf8e50a0b7518aa6d0425b302397382c28ad1c9c3"},
]
enum34 = [
    {file = "enum34-1.1.10-py2-none-any.whl", hash = "sha256:a98a201d6de3f2ab3db284e70a33b0f896fbf35f8086594e8c9e74b909058d53"},
    {file = "enum34-1.1.10-py3-none-any.whl", hash = "sha256:c3858660960c984d6ab0ebad691265180da2b43f07e061c0f8dca9ef3cffd328"},
    {file = "enum34-1.1.10.tar.gz", hash = "sha256:cce6a7477ed816bd2542d03d53db9f0db935dd013b70f336a95c73979289f248"},
]
future = [
    {file = "future-0.18.2.tar.gz", hash = "sha256:b1bead90b70cf6ec3f0710ae53a525360fa360d306a86583adc6bf83a4db537d"},
]
futures = [
    {file = "futures-3.3.0-py2-none-any.whl", hash = "sha256:49b3f5b064b6e3afc3316421a3f25f66c137ae88f068abbf72830170033c5e16"},
    {file = "futures-3.3.0.tar.gz", hash = "sha256:7e033af76a5e35f58e56da7a91e687706faf4e7bdfb2cbc3f2cca6b9bcda9794"},
]
idalink = [
    {file = "idalink-0.12.tar.gz", hash = "sha256:1422b19b6581861c9935742598c0731d7cb4edb7288d5f8de8e1843e282ee6cf"},
]
mpmath = [
    {file = "mpmath-1.2.1-py3-none-any.whl", hash = "sha256:604bc21bd22d2322a177c73bdb573994ef76e62edd595d17e00aff24b0667e5c"},
    {file = "mpmath-1.2.1.tar.gz", hash = "sha256:79ffb45cf9f4b101a807595bcb3e72e0396202e0b1d25d689134b48c4216a81a"},
]
mulpyplexer = [
    {file = "mulpyplexer-0.09.tar.gz", hash = "sha256:144e9e9bf66d3988f60542c9d3d4c94857438f7908f60e53f4c1cb1622fbbd30"},
]
networkx = [
    {file = "networkx-1.11-py2.7.egg", hash = "sha256:3fbc044a40bc847ae28b65850b759f3d6c697ee7ff459a02dc8f8bc4d849dc7e"},
    {file = "networkx-1.11-py2.py3-none-any.whl", hash = "sha256:1b229b54fe9ccb009cee4de02a88552191497a542a7d5d34adab216b9f15c1ff"},
    {file = "networkx-1.11-py3.4.egg", hash = "sha256:38e6bd32c0a2ad26439489d9b51e2684c01f352b536aaabbe499a3ad8c89f52b"},
    {file = "networkx-1.11.tar.gz", hash = "sha256:0d0e70e10dfb47601cbb3425a00e03e2a2e97477be6f80638fef91d54dd1e4b8"},
    {file = "networkx-1.11.zip", hash = "sha256:b3e0144d5fe6b7479b694e1b598a5545a38f3fc6f1e3c09173eb30f0c7a5770e"},
]
numpy = [
    {file = "numpy-1.16.6-cp27-cp27m-macosx_10_9_x86_64.whl", hash = "sha256:08bf4f66f190822f4642e036accde8da810b87fffc0b9409e7a00d9e54760099"},
    {file = "numpy-1.16.6-cp27-cp27m-manylinux1_i686.whl", hash = "sha256:d759ca1b76ac6f6b6159fb74984126035feb1dee9f68b4b961889b6dc090f33a"},
    {file = "numpy-1.16.6-cp27-cp27m-manylinux1_x86_64.whl", hash = "sha256:d3c5377c6122de876e695937ef41ffee5d2831154c5e4856481b93406cdfeecb"},
    {file = "numpy-1.16.6-cp27-cp27m-win32.whl", hash = "sha256:345b1748e6b0d4773a518868c783b16fdc33a22683bdb863484cd29fe8d206e6"},
    {file = "numpy-1.16.6-cp27-cp27m-win_amd64.whl", hash = "sha256:7a5a1f49a643aa1ab3e0579da0a48b8a48ea4369eb63c5065459d0a37f430237"},
    {file = "numpy-1.16.6-cp27-cp27mu-manylinux1_i686.whl", hash = "sha256:817eed5a6ec2fc9c1a0ee3fbf9a441c66b6766383580513ccbdf3121acc0b4fb"},
    {file = "numpy-1.16.6-cp27-cp27mu-manylinux1_x86_64.whl", hash = "sha256:1680c8d5086a88d293dfd1a10b6429a09140cacee878034fa2308472ec835db4"},
    {file = "numpy-1.16.6-cp35-cp35m-macosx_10_9_intel.whl", hash = "sha256:a4383edb1b8caa989c3541a37ef204916322c503b8eeacc7ee8f4ba24cac97b8"},
    {file = "numpy-1.16.6-cp35-cp35m-manylinux1_i686.whl", hash = "sha256:9bb690692f3101583b0b99f3be362742e4f8ebe6c7934fa36cd8ca2b567a0bcc"},
    {file = "numpy-1.16.6-cp35-cp35m-manylinux1_x86_64.whl", hash = "sha256:b9e334568ca1bf56598eddfac6db6a75bcf1c91aa90d598648f21e45207daeae"},
    {file = "numpy-1.16.6-cp35-cp35m-win32.whl", hash = "sha256:55cae40d2024c56e7b79fb070106cb4289dcc6b55c62dba1d89a6944448c6a53"},
    {file = "numpy-1.16.6-cp35-cp35m-win_amd64.whl", hash = "sha256:a1ffc9c770ccc2be9284310a3726c918b26ca19b34c0079e7a41aba950ab175f"},
    {file = "numpy-1.16.6-cp36-cp36m-macosx_10_9_x86_64.whl", hash = "sha256:3f423b06bf67cd1dbf72e13e9b53a9ca71972e5abf712ee6cb5d8cbb178fff02"},
    {file = "numpy-1.16.6-cp36-cp36m-manylinux1_i686.whl", hash = "sha256:34e6bb44e3d9a663f903b8c297ede865b4dff039aa43cc9a0b249e02c27f1396"},
    {file = "numpy-1.16.6-cp36-cp36m-manylinux1_x86_64.whl", hash = "sha256:60c56922c9d759d664078fbef94132377ef1498ab27dd3d0cc7a21b346e68c06"},
    {file = "numpy-1.16.6-cp36-cp36m-win32.whl", hash = "sha256:23cad5e5858dfb73c0e5bce03fe78e5e5908c22263156c58d4afdbb240683c6c"},
    {file = "numpy-1.16.6-cp36-cp36m-win_amd64.whl", hash = "sha256:77399828d96cca386bfba453025c34f22569909d90332b961d3d4341cdb46a84"},
    {file = "numpy-1.16.6-cp37-cp37m-macosx_10_9_x86_64.whl", hash = "sha256:97ddfa7688295d460ee48a4d76337e9fdd2506d9d1d0eee7f0348b42b430da4c"},
    {file = "numpy-1.16.6-cp37-cp37m-manylinux1_i686.whl", hash = "sha256:390f6e14a8d73591f086680464aa101a9be9187d0c633f48c98b429b31b712c2"},
    {file = "numpy-1.16.6-cp37-cp37m-manylinux1_x86_64.whl", hash = "sha256:a1772dc227e3e415eeaa646d25690dc854bddc3d626e454c7c27acba060cb900"},
    {file = "numpy-1.16.6-cp37-cp37m-win32.whl", hash = "sha256:c9fb4fcfcdcaccfe2c4e1f9e0133ed59df5df2aa3655f3d391887e892b0a784c"},
    {file = "numpy-1.16.6-cp37-cp37m-win_amd64.whl", hash = "sha256:6b1853364775edb85ceb0f7f8214d9e993d4d1d9bd3310eae80529ea14ba2ba6"},
    {file = "numpy-1.16.6.zip", hash = "sha256:e5cf3fdf13401885e8eea8170624ec96225e2174eb0c611c6f26dd33b489e3ff"},
]
pefile = [
    {file = "pefile-2019.4.18.tar.gz", hash = "sha256:a5d6e8305c6b210849b47a6174ddf9c452b2888340b8177874b862ba6c207645"},
]
plumbum = [
    {file = "plumbum-1.7.0-py2.py3-none-any.whl", hash = "sha256:139bbe08ee065b522a8a07d4f7e9f8eddffd78cc218b65b11cca2b33683e6b57"},
    {file = "plumbum-1.7.0.tar.gz", hash = "sha256:317744342c755319907c773cc87c3a30adaa3a41b0d34c0ce02d9d1904922dce"},
]
progressbar = [
    {file = "progressbar-2.5.tar.gz", hash = "sha256:5d81cb529da2e223b53962afd6c8ca0f05c6670e40309a7219eacc36af9b6c63"},
]
pycparser = [
    {file = "pycparser-2.20-py2.py3-none-any.whl", hash = "sha256:7582ad22678f0fcd81102833f60ef8d0e57288b6b5fb00323d101be910e35705"},
    {file = "pycparser-2.20.tar.gz", hash = "sha256:2d475327684562c3a96cc71adf7dc8c4f0565175cf86b6d7a404ff4c771f15f0"},
]
pyelftools = [
    {file = "pyelftools-0.27-py2.py3-none-any.whl", hash = "sha256:5609aa6da1123fccfae2e8431a67b4146aa7fad5b3889f808df12b110f230937"},
    {file = "pyelftools-0.27.tar.gz", hash = "sha256:cde854e662774c5457d688ca41615f6594187ba7067af101232df889a6b7a66b"},
]
pygit = [
    {file = "pygit-0.1.tar.gz", hash = "sha256:fe02a667309e044069053313a1cb056012be10388e7ae284ebbd35480d7be58e"},
]
pypiwin32 = [
    {file = "pypiwin32-223-py3-none-any.whl", hash = "sha256:67adf399debc1d5d14dffc1ab5acacb800da569754fafdc576b2a039485aa775"},
    {file = "pypiwin32-223.tar.gz", hash = "sha256:71be40c1fbd28594214ecaecb58e7aa8b708eabfa0125c8a109ebd51edbd776a"},
]
pyvex = [
    {file = "pyvex-7.7.9.14-py2-none-manylinux1_i686.whl", hash = "sha256:0e234deb71b11a72b64152c0d118d8fb9d4674b26ce6763bf7628ea9b902c668"},
    {file = "pyvex-7.7.9.14-py2-none-manylinux1_x86_64.whl", hash = "sha256:4c6875662832627bc1658375d2eb33b34888a035b4d826e1c2d43dfd364b9347"},
    {file = "pyvex-7.7.9.14.tar.gz", hash = "sha256:cadc08f1d1998dbe3f0afaafbbe0f5f87231afcfff79ad5436e28a7a9b4c7473"},
]
pywin32 = [
    {file = "pywin32-300-cp35-cp35m-win32.whl", hash = "sha256:1c204a81daed2089e55d11eefa4826c05e604d27fe2be40b6bf8db7b6a39da63"},
    {file = "pywin32-300-cp35-cp35m-win_amd64.whl", hash = "sha256:350c5644775736351b77ba68da09a39c760d75d2467ecec37bd3c36a94fbed64"},
    {file = "pywin32-300-cp36-cp36m-win32.whl", hash = "sha256:a3b4c48c852d4107e8a8ec980b76c94ce596ea66d60f7a697582ea9dce7e0db7"},
    {file = "pywin32-300-cp36-cp36m-win_amd64.whl", hash = "sha256:27a30b887afbf05a9cbb05e3ffd43104a9b71ce292f64a635389dbad0ed1cd85"},
    {file = "pywin32-300-cp37-cp37m-win32.whl", hash = "sha256:d7e8c7efc221f10d6400c19c32a031add1c4a58733298c09216f57b4fde110dc"},
    {file = "pywin32-300-cp37-cp37m-win_amd64.whl", hash = "sha256:8151e4d7a19262d6694162d6da85d99a16f8b908949797fd99c83a0bfaf5807d"},
    {file = "pywin32-300-cp38-cp38-win32.whl", hash = "sha256:fbb3b1b0fbd0b4fc2a3d1d81fe0783e30062c1abed1d17c32b7879d55858cfae"},
    {file = "pywin32-300-cp38-cp38-win_amd64.whl", hash = "sha256:60a8fa361091b2eea27f15718f8eb7f9297e8d51b54dbc4f55f3d238093d5190"},
    {file = "pywin32-300-cp39-cp39-win32.whl", hash = "sha256:638b68eea5cfc8def537e43e9554747f8dee786b090e47ead94bfdafdb0f2f50"},
    {file = "pywin32-300-cp39-cp39-win_amd64.whl", hash = "sha256:b1609ce9bd5c411b81f941b246d683d6508992093203d4eb7f278f4ed1085c3f"},
]
rpyc = [
    {file = "rpyc-3.3.0.tar.gz", hash = "sha256:43fa845314f0bf442f5f5fab15bb1d1b5fe2011a8fc603f92d8022575cef8b4b"},
    {file = "rpyc-3.3.0.win32.exe", hash = "sha256:af95227fdc91706ef2e38bcecce2e8f856927721194114e98aeec5fad43eafbd"},
    {file = "rpyc-3.3.0.zip", hash = "sha256:9edffac6d0ac8b30d33678e207e54a62a870f5a7ff87c805ee49d5776bdd699a"},
]
scikit-learn = [
    {file = "scikit-learn-0.20.4.tar.gz", hash = "sha256:dfa8a3f33907614030cdfbc8b6f553dacbecaf09f922244f128af3060a137cfc"},
    {file = "scikit_learn-0.20.4-cp27-cp27m-macosx_10_6_intel.macosx_10_9_intel.macosx_10_9_x86_64.macosx_10_10_intel.macosx_10_10_x86_64.whl", hash = "sha256:d9019683ec2382e686ecca5377b7c99f059a9b3a7f6a0bf6afddb10aec82b016"},
    {file = "scikit_learn-0.20.4-cp27-cp27m-manylinux1_i686.whl", hash = "sha256:43a521c6992adf28a78abdb2d18b77c481a7dd86f7bd1de8f3e02231a88904cc"},
    {file = "scikit_learn-0.20.4-cp27-cp27m-manylinux1_x86_64.whl", hash = "sha256:546a2bf74c07634f65dc8e92ea50c124eb2adde10415cf25a43cf8c0a79671b7"},
    {file = "scikit_learn-0.20.4-cp27-cp27m-win32.whl", hash = "sha256:3b95e4a693d1d1e91ebc22abcc4e3731f9bfd2be2308b071b19db46a7d0fa6f6"},
    {file = "scikit_learn-0.20.4-cp27-cp27m-win_amd64.whl", hash = "sha256:b47d865ae832f0d1538f449b0a42cf37121bbcd514eb1d37c0ff0b70b0ac192c"},
    {file = "scikit_learn-0.20.4-cp27-cp27mu-manylinux1_i686.whl", hash = "sha256:9afeffd7fba365eb8d0603b13d4ea76ee63cacded21556c65e98b4682c2b09bf"},
    {file = "scikit_learn-0.20.4-cp27-cp27mu-manylinux1_x86_64.whl", hash = "sha256:4de3f1e35c29dac3b1f8afaa6afe1b682dbb19159c5ee5d77f97fa5ceb1d020d"},
    {file = "scikit_learn-0.20.4-cp34-cp34m-macosx_10_6_intel.macosx_10_9_intel.macosx_10_9_x86_64.macosx_10_10_intel.macosx_10_10_x86_64.whl", hash = "sha256:e380c086e8cae1480365068e57469302a1ee8fae98eb02010c80ef2cb292f7a3"},
    {file = "scikit_learn-0.20.4-cp34-cp34m-manylinux1_i686.whl", hash = "sha256:3323640ce4ade456f13c4fec97bdeb6a380e6f7005ec6709afb9e554a0b73b02"},
    {file = "scikit_learn-0.20.4-cp34-cp34m-manylinux1_x86_64.whl", hash = "sha256:25285960a093781b10d7d26484f8e3523b9d23676329862ba66a753bb0b2e632"},
    {file = "scikit_learn-0.20.4-cp34-cp34m-win32.whl", hash = "sha256:7dbb4c23f2911e81fe607c26f1a1277c6f2798192765a9472c33570f8a843b6b"},
    {file = "scikit_learn-0.20.4-cp34-cp34m-win_amd64.whl", hash = "sha256:03c721eaed97f4f6b92d1247c64639bb1feea0be968f708b56f9dfb836b9d9ca"},
    {file = "scikit_learn-0.20.4-cp35-cp35m-macosx_10_6_intel.macosx_10_9_intel.macosx_10_9_x86_64.macosx_10_10_intel.macosx_10_10_x86_64.whl", hash = "sha256:f9553369f246721813f8f6784a40cc39c84ca2c6230272c7c1ec24318aa0a2f9"},
    {file = "scikit_learn-0.20.4-cp35-cp35m-manylinux1_i686.whl", hash = "sha256:0863989d48ae51ba8803b1daeb936d44f260ee0174f67eee58d6d74280fe6e93"},
    {file = "scikit_learn-0.20.4-cp35-cp35m-manylinux1_x86_64.whl", hash = "sha256:59b382e02e132b5079d4520f2c9fec8147d1743f0f11bc6e21907906ef23fa29"},
    {file = "scikit_learn-0.20.4-cp35-cp35m-win32.whl", hash = "sha256:ea42e28bc9f5a3110e77c773a55b3d2b7133ce05c6940cc28a3a554aebd6ab80"},
    {file = "scikit_learn-0.20.4-cp35-cp35m-win_amd64.whl", hash = "sha256:c42b27bd051af258cb46b7773e031aa52e49e1cc86b769895ca031c35b15a392"},
    {file = "scikit_learn-0.20.4-cp36-cp36m-macosx_10_6_intel.macosx_10_9_intel.macosx_10_9_x86_64.macosx_10_10_intel.macosx_10_10_x86_64.whl", hash = "sha256:2fd692310890a6137dd8e550496bfb71ef37a2b8d1a89b87418ed25fe454dde4"},
    {file = "scikit_learn-0.20.4-cp36-cp36m-manylinux1_i686.whl", hash = "sha256:54e6b20c8392d2047470f504822e8141a726949f2c196c1711fef873650f301d"},
    {file = "scikit_learn-0.20.4-cp36-cp36m-manylinux1_x86_64.whl", hash = "sha256:994e807f09c8517ad703e5685599ef195cc90e693e203894a66000dc89e1382f"},
    {file = "scikit_learn-0.20.4-cp36-cp36m-win32.whl", hash = "sha256:73b3da63d35b922fdae378c582326e887d6bdf9282050ef3587d2f96c926bbcd"},
    {file = "scikit_learn-0.20.4-cp36-cp36m-win_amd64.whl", hash = "sha256:5ede3783e81af866c3d3efbf3d255a88aaebde7d8cb39e6d5c47f9ed5359172b"},
    {file = "scikit_learn-0.20.4-cp37-cp37m-macosx_10_6_intel.macosx_10_9_intel.macosx_10_9_x86_64.macosx_10_10_intel.macosx_10_10_x86_64.whl", hash = "sha256:2d9b4b551569bcb87fb50bc77d5f3ca30e1856b0e987619c7a266d4372990ba6"},
    {file = "scikit_learn-0.20.4-cp37-cp37m-manylinux1_i686.whl", hash = "sha256:ea5843a535da2458216ce87084ed51de6de7331e1b6891df9ea29a238a79bb02"},
    {file = "scikit_learn-0.20.4-cp37-cp37m-manylinux1_x86_64.whl", hash = "sha256:f04adc9ad6bc252b080b0b48cda769fa47ea7013e5640b0cb67d26f2f9a9fcff"},
    {file = "scikit_learn-0.20.4-cp37-cp37m-win32.whl", hash = "sha256:2c8b999c739f8af014a2f1fb0577b3a98ab20c375c37274bf3c1f6a3f06f56f7"},
    {file = "scikit_learn-0.20.4-cp37-cp37m-win_amd64.whl", hash = "sha256:7d0d17789ccf3fd13a6a605f78d586ec4a9b57f94e0e74ce829bc7e7bb796f78"},
]
scipy = [
    {file = "scipy-1.2.3-cp27-cp27m-macosx_10_6_intel.macosx_10_9_intel.macosx_10_9_x86_64.macosx_10_10_intel.macosx_10_10_x86_64.whl", hash = "sha256:2ff82db1393bd5d8ddeb9134e8f77a8e971e635452d7e65f7238f40c71d385a8"},
    {file = "scipy-1.2.3-cp27-cp27m-manylinux1_i686.whl", hash = "sha256:5d950892a6a2da6dae2b5a3021b329dbf04483a7fb0bd3011685db7f51578ae7"},
    {file = "scipy-1.2.3-cp27-cp27m-manylinux1_x86_64.whl", hash = "sha256:487a61a7e477923c7a9e8fa06f27e3f2dbc7ce9450a970a2e5d902b0a305d028"},
    {file = "scipy-1.2.3-cp27-cp27m-win32.whl", hash = "sha256:3397ce30e240e9a543d81f623a9e8e98ae39012cf72e42e95929530a03f20791"},
    {file = "scipy-1.2.3-cp27-cp27m-win_amd64.whl", hash = "sha256:8533e8c2e467eed913a0aa4fac09c9fb824f32d1ab1121db3a50845f9b347825"},
    {file = "scipy-1.2.3-cp27-cp27mu-manylinux1_i686.whl", hash = "sha256:b6cbb7125b0c742e0f31fb293d19e9f1a03db58f6ddefc51a2025ee15ae607cb"},
    {file = "scipy-1.2.3-cp27-cp27mu-manylinux1_x86_64.whl", hash = "sha256:e870dfd006ab657f9cc48b099646c5ceb4e812e59a7d460dc80ac9a659f089dc"},
    {file = "scipy-1.2.3-cp34-cp34m-macosx_10_6_intel.macosx_10_9_intel.macosx_10_9_x86_64.macosx_10_10_intel.macosx_10_10_x86_64.whl", hash = "sha256:b8b0e81a2b87d68acf4a54aea800edafbb5bc9a04f38256718826f95f625fb75"},
    {file = "scipy-1.2.3-cp34-cp34m-manylinux1_i686.whl", hash = "sha256:ecc27dda36d7172bb4ed7f245499e28251fa17909b314b4e8956a942f302e1a3"},
    {file = "scipy-1.2.3-cp34-cp34m-manylinux1_x86_64.whl", hash = "sha256:ee213d8c8eee0540ba91efca61605dc0e2b5bd90ca35ab49c85f0ad7038df00f"},
    {file = "scipy-1.2.3-cp34-cp34m-win32.whl", hash = "sha256:57a0ee083b94944ba6329e755d112bfd53a98bd9a6a4faf10bc7722c955a7653"},
    {file = "scipy-1.2.3-cp34-cp34m-win_amd64.whl", hash = "sha256:1bc0720f149fbb69d19156cf91730aa21455c58949aea56bfaa2b74c06868100"},
    {file = "scipy-1.2.3-cp35-cp35m-macosx_10_6_intel.macosx_10_9_intel.macosx_10_9_x86_64.macosx_10_10_intel.macosx_10_10_x86_64.whl", hash = "sha256:d39ae9cfd7bdea7753fd617e2edfc68b94a019a65c0153c3fced35cf657b79e7"},
    {file = "scipy-1.2.3-cp35-cp35m-manylinux1_i686.whl", hash = "sha256:7e6c485c3f2789c790fe4cc5c6c3b4554000d284fd05be90479b6fbd8795d064"},
    {file = "scipy-1.2.3-cp35-cp35m-manylinux1_x86_64.whl", hash = "sha256:92fbdcf9acebf2007502adbed1b22e3a3e9445aceb5e7a568f9759d76461368b"},
    {file = "scipy-1.2.3-cp35-cp35m-win32.whl", hash = "sha256:b2fad2430232f8c2faeb0abff7ed5191f0a534bd1bd482c71a9616c44e674c76"},
    {file = "scipy-1.2.3-cp35-cp35m-win_amd64.whl", hash = "sha256:8b3ac1e50188792fdf811e5a747df2b784c65d9a17f59609a73c8285424a48ad"},
    {file = "scipy-1.2.3-cp36-cp36m-macosx_10_6_intel.macosx_10_9_intel.macosx_10_9_x86_64.macosx_10_10_intel.macosx_10_10_x86_64.whl", hash = "sha256:b38f2e6d53f852ae1de1aacead2c26a69c91b36f833e744557ca370979b81652"},
    {file = "scipy-1.2.3-cp36-cp36m-manylinux1_i686.whl", hash = "sha256:39bf06b2536e69f08a257b260aaa25d088d755b73cf3751b44e5838ccb1d0a82"},
    {file = "scipy-1.2.3-cp36-cp36m-manylinux1_x86_64.whl", hash = "sha256:c08013e0fe1554372da9312d5bad588402f71c0636f0f86a9b9b61d507c59bac"},
    {file = "scipy-1.2.3-cp36-cp36m-win32.whl", hash = "sha256:cac83647970115dfb6d29dc3b4ab44b3aa11254e8aeba115f88ad0ccbb273085"},
    {file = "scipy-1.2.3-cp36-cp36m-win_amd64.whl", hash = "sha256:0c23e5b3a314dce4049b969c81ad801cf05e1fe699760846c7567deaa9b8c548"},
    {file = "scipy-1.2.3-cp37-cp37m-macosx_10_6_intel.macosx_10_9_intel.macosx_10_9_x86_64.macosx_10_10_intel.macosx_10_10_x86_64.whl", hash = "sha256:503e25b8da22b1be6f2f81e1dcf26f42bfb13fe89bccbf8bc48e1b6f2a4789c8"},
    {file = "scipy-1.2.3-cp37-cp37m-manylinux1_i686.whl", hash = "sha256:19904399501ecf56ead21b307cc52c8ff03a2103343f554f3fbc189bb2cf1609"},
    {file = "scipy-1.2.3-cp37-cp37m-manylinux1_x86_64.whl", hash = "sha256:f658f90db1530f70128bbeb2c1e61006de2eb2382408080a211d885f501af3a7"},
    {file = "scipy-1.2.3-cp37-cp37m-win32.whl", hash = "sha256:7aeb232273b38e74d89181d9165ca47314e1c4269afe7c3a1926aea3e63345a2"},
    {file = "scipy-1.2.3-cp37-cp37m-win_amd64.whl", hash = "sha256:53353a504ad2181eb27c9d61e91ce29324f8b7550876736a08a36e6b60c43407"},
    {file = "scipy-1.2.3.tar.gz", hash = "sha256:ecbe6413ca90b8e19f8475bfa303ac001e81b04ec600d17fa7f816271f7cca57"},
]
simuvex = [
    {file = "simuvex-7.7.9.8.tar.gz", hash = "sha256:f9a2523f55474e3ec0aaee7cdc912f21f565ad69af0ad2b217785086d62a8808"},
]
sympy = [
    {file = "sympy-1.5.1-py2.py3-none-any.whl", hash = "sha256:4880d3a351558063bd89febda302f220dc4b88de393bba81fa6539a3966f03fa"},
    {file = "sympy-1.5.1.tar.gz", hash = "sha256:d77901d748287d15281f5ffe5b0fef62dd38f357c2b827c44ff07f35695f4e7e"},
]
unicorn = [
    {file = "unicorn-1.0.2-py2.py3-none-macosx_10_14_x86_64.whl", hash = "sha256:25d65de6662c74cfed371b0bbf4fc8cc9246ab7e293314a29a6c570da46b6050"},
    {file = "unicorn-1.0.2-py2.py3-none-manylinux1_i686.whl", hash = "sha256:f8ac03d7fa5d5b71871064db89e3c69f4acc773d617fda21cf43c00b95e06229"},
    {file = "unicorn-1.0.2-py2.py3-none-manylinux1_x86_64.whl", hash = "sha256:a87d6065cb44854d40d25259d0c0f3bfc849c3cf0f6b48056f861b2b20bbaee0"},
    {file = "unicorn-1.0.2-py2.py3-none-win32.whl", hash = "sha256:62df2e022563b42ab12f43f003449b11e7d110ff9268ed20917aaf0a90fdfe4e"},
    {file = "unicorn-1.0.2-py2.py3-none-win_amd64.whl", hash = "sha256:16f43e836b088f2b5b537e7ac6ae0f364946b0b7d608f637a5ab919e32f3b919"},
    {file = "unicorn-1.0.2.tar.gz", hash = "sha256:fd2d5225d394c54af889b550b86b33ae8311945d2225744509434cd86663a94a"},
]
z3-solver = [
    {file = "z3-solver-4.8.10.0.tar.gz", hash = "sha256:cd022a66524685bdd8b265027bd22f24c35f8db29a4287d005e0005757ffdc21"},
    {file = "z3_solver-4.8.10.0-py2.py3-none-macosx_10_15_x86_64.whl", hash = "sha256:dca0a50817d25ebd021ddc55cdebb1bb359f8424266d2384935ded330890893a"},
    {file = "z3_solver-4.8.10.0-py2.py3-none-manylinux1_x86_64.whl", hash = "sha256:1dd6b459d512a5644b38a0d55c915cdb3269b6d52b36ea14d9b32ce1d1a85d9a"},
    {file = "z3_solver-4.8.10.0-py2.py3-none-win32.whl", hash = "sha256:6fb188b34847a958e82efbe1a7a354675b2929145c6dcb45a1256aaeb9c49414"},
    {file = "z3_solver-4.8.10.0-py2.py3-none-win_amd64.whl", hash = "sha256:a0bbbc1a02b25db3b824ab5e839b2c0b0cc2130da914f3ba09b7b38d05e1827c"},
]
